{
  "name": "shell",
  "version": "1.0.0",
  "lockfileVersion": 1,
  "requires": true,
  "dependencies": {
    "microfronts": {
      "version": "0.1.1",
      "resolved": "https://registry.npmjs.org/microfronts/-/microfronts-0.1.1.tgz",
      "integrity": "sha512-js2OVTxABTs6odf53vhX0dmYioObel7VK5g4pB3kStot9VjJ5sdUTA3Sf49l/N3K95xbYIB7cd3uV63b5/unzA=="
    }
  }
}
